{
  "object": {
    "pins": [
      {
        "package": "Composed",
        "repositoryURL": "https://github.com/composed-swift/Composed.git",
        "state": {
          "branch": null,
          "revision": "42aaf908c4ffdb9becb5eae458390c6e4b1ca323",
          "version": "1.0.1"
        }
      },
      {
        "package": "ComposedLayouts",
        "repositoryURL": "https://github.com/composed-swift/ComposedLayouts",
        "state": {
          "branch": null,
          "revision": "1cabc6a9c6de8f7e8477fad66973a479291de420",
          "version": "1.0.1"
        }
      },
      {
        "package": "ComposedMediaUI",
        "repositoryURL": "https://github.com/composed-swift/ComposedMediaUI.git",
        "state": {
          "branch": "master",
          "revision": "11fee5095158f879301acf70238e4856a3413eca",
          "version": null
        }
      },
      {
        "package": "ComposedUI",
        "repositoryURL": "https://github.com/composed-swift/ComposedUI",
        "state": {
          "branch": null,
          "revision": "4c8a50bfb59b7b658713ce642b41450fc6aee57e",
          "version": "1.0.1"
        }
      }
    ]
  },
  "version": 1
}
