{
  "object": {
    "pins": [
      {
        "package": "Composed",
        "repositoryURL": "https://github.com/composed-swift/Composed",
        "state": {
          "branch": null,
          "revision": "8dcf1fbbc1a23f7e2b9e0e09f6126f12469e8d80",
          "version": "1.0.4"
        }
      },
      {
        "package": "ComposedLayouts",
        "repositoryURL": "https://github.com/composed-swift/ComposedLayouts",
        "state": {
          "branch": null,
          "revision": "cbba1890663647bca295dd7cfb5e919f4b0f26ce",
          "version": "1.0.2"
        }
      },
      {
        "package": "ComposedMedia",
        "repositoryURL": "https://github.com/composed-swift/ComposedMedia.git",
        "state": {
          "branch": "master",
          "revision": "e54a3dae4d69256b1c06771c51104b8534a588d1",
          "version": null
        }
      },
      {
        "package": "ComposedMediaUI",
        "repositoryURL": "https://github.com/composed-swift/ComposedMediaUI.git",
        "state": {
          "branch": "master",
          "revision": "bff2d0641a862289b70ffe5148e673e6edb727e8",
          "version": null
        }
      },
      {
        "package": "ComposedUI",
        "repositoryURL": "https://github.com/composed-swift/ComposedUI",
        "state": {
          "branch": null,
          "revision": "30946159ff2c38c49c86d17a9910d6bdf88f9dde",
          "version": "1.0.2"
        }
      }
    ]
  },
  "version": 1
}
