{
  "object": {
    "pins": [
      {
        "package": "Composed",
        "repositoryURL": "https://github.com/composed-swift/Composed",
        "state": {
          "branch": null,
          "revision": "4140113e1bcea90d438261181a22e4d9c8a94980",
          "version": "1.0.2"
        }
      },
      {
        "package": "ComposedLayouts",
        "repositoryURL": "https://github.com/composed-swift/ComposedLayouts",
        "state": {
          "branch": null,
          "revision": "1cabc6a9c6de8f7e8477fad66973a479291de420",
          "version": "1.0.1"
        }
      },
      {
        "package": "ComposedMediaUI",
        "repositoryURL": "https://github.com/composed-swift/ComposedMediaUI.git",
        "state": {
          "branch": "master",
          "revision": "11fee5095158f879301acf70238e4856a3413eca",
          "version": null
        }
      },
      {
        "package": "ComposedUI",
        "repositoryURL": "https://github.com/composed-swift/ComposedUI",
        "state": {
          "branch": null,
          "revision": "30946159ff2c38c49c86d17a9910d6bdf88f9dde",
          "version": "1.0.2"
        }
      }
    ]
  },
  "version": 1
}
